
Microsoft Visual Studio Solution File, Format Version 12.00
# Visual Studio Version 17
VisualStudioVersion = 17.0.31912.275
MinimumVisualStudioVersion = 10.0.40219.1
Project("{FAE04EC0-301F-11D3-BF4B-00C04F79EFBC}") = "Spave_SHooter", "Spave_SHooter\Spave_SHooter.csproj", "{CE64ECD6-F8B1-43CF-AB74-373A7C13BC39}"
EndProject
Global
	GlobalSection(SolutionConfigurationPlatforms) = preSolution
		Debug|Any CPU = Debug|Any CPU
		Release|Any CPU = Release|Any CPU
	EndGlobalSection
	GlobalSection(ProjectConfigurationPlatforms) = postSolution
		{CE64ECD6-F8B1-43CF-AB74-373A7C13BC39}.Debug|Any CPU.ActiveCfg = Debug|Any CPU
		{CE64ECD6-F8B1-43CF-AB74-373A7C13BC39}.Debug|Any CPU.Build.0 = Debug|Any CPU
		{CE64ECD6-F8B1-43CF-AB74-373A7C13BC39}.Release|Any CPU.ActiveCfg = Release|Any CPU
		{CE64ECD6-F8B1-43CF-AB74-373A7C13BC39}.Release|Any CPU.Build.0 = Release|Any CPU
	EndGlobalSection
	GlobalSection(SolutionProperties) = preSolution
		HideSolutionNode = FALSE
	EndGlobalSection
	GlobalSection(ExtensibilityGlobals) = postSolution
		SolutionGuid = {27456A1E-F56E-44D4-8171-EE780513ACF8}
	EndGlobalSection
EndGlobal
